// !$*UTF8*$!
{
	archiveVersion = 1;
	classes = {
	};
	objectVersion = 46;
	objects = {

/* Begin PBXBuildFile section */
		4F07D487196632A30024A2C8 /* DZHMAModel.m in Sources */ = {isa = PBXBuildFile; fileRef = 4F07D486196632A30024A2C8 /* DZHMAModel.m */; };
		4F07D48A196641560024A2C8 /* DZHVolumeMACalculator.m in Sources */ = {isa = PBXBuildFile; fileRef = 4F07D489196641560024A2C8 /* DZHVolumeMACalculator.m */; };
		4F1B643C196B885400BB5B8A /* DZHMACDDataProvider.m in Sources */ = {isa = PBXBuildFile; fileRef = 4F1B643B196B885400BB5B8A /* DZHMACDDataProvider.m */; };
		4F1B6443196BBF4100BB5B8A /* DZHVolumeTypeStrategy.m in Sources */ = {isa = PBXBuildFile; fileRef = 4F1B6442196BBF4100BB5B8A /* DZHVolumeTypeStrategy.m */; };
		4F1B6446196BC43B00BB5B8A /* DZHColorDataprovider.m in Sources */ = {isa = PBXBuildFile; fileRef = 4F1B6445196BC43B00BB5B8A /* DZHColorDataprovider.m */; };
		4F1B6449196BD14C00BB5B8A /* DZHKDJCalculator.m in Sources */ = {isa = PBXBuildFile; fileRef = 4F1B6448196BD14C00BB5B8A /* DZHKDJCalculator.m */; };
		4F1B644C196BDC2300BB5B8A /* DZHKDJDataProvider.m in Sources */ = {isa = PBXBuildFile; fileRef = 4F1B644B196BDC2300BB5B8A /* DZHKDJDataProvider.m */; };
		4F26CC97195CF22C0078FA86 /* DZHKLineContainer.m in Sources */ = {isa = PBXBuildFile; fileRef = 4F26CC96195CF22C0078FA86 /* DZHKLineContainer.m */; };
		4F27A0C8196A25AB00679426 /* DZHKLineDataProvider.m in Sources */ = {isa = PBXBuildFile; fileRef = 4F27A0C7196A25AB00679426 /* DZHKLineDataProvider.m */; };
		4F27A0CC196A738100679426 /* DZHDataProviderContext.m in Sources */ = {isa = PBXBuildFile; fileRef = 4F27A0CB196A738100679426 /* DZHDataProviderContext.m */; };
		4F27A0CF196A7FCB00679426 /* DZHVolumeDataProvider.m in Sources */ = {isa = PBXBuildFile; fileRef = 4F27A0CE196A7FCB00679426 /* DZHVolumeDataProvider.m */; };
		4F27A0D2196A8AB200679426 /* DZHKLineDataSource.m in Sources */ = {isa = PBXBuildFile; fileRef = 4F27A0D1196A8AB200679426 /* DZHKLineDataSource.m */; };
		4F3A0D9019625E7C005233D3 /* DZHFillBarDrawing.m in Sources */ = {isa = PBXBuildFile; fileRef = 4F3A0D8F19625E7C005233D3 /* DZHFillBarDrawing.m */; };
		4F3A0D9319629F25005233D3 /* DZHMACurveDrawing.m in Sources */ = {isa = PBXBuildFile; fileRef = 4F3A0D9219629F25005233D3 /* DZHMACurveDrawing.m */; };
		4F48DA6D19638B7A00AB4A22 /* DZHDrawingItemModel.m in Sources */ = {isa = PBXBuildFile; fileRef = 4F48DA6C19638B7A00AB4A22 /* DZHDrawingItemModel.m */; };
		4F48DA731963B12700AB4A22 /* DZHMACalculator.m in Sources */ = {isa = PBXBuildFile; fileRef = 4F48DA721963B12700AB4A22 /* DZHMACalculator.m */; };
		4F572E4419667FAA00D35C8C /* DZHKLineTypeStrategy.m in Sources */ = {isa = PBXBuildFile; fileRef = 4F572E4319667FAA00D35C8C /* DZHKLineTypeStrategy.m */; };
		4F572E471966915F00D35C8C /* DZHMACDCalculator.m in Sources */ = {isa = PBXBuildFile; fileRef = 4F572E461966915F00D35C8C /* DZHMACDCalculator.m */; };
		4F5FC7C919653EB7006168E0 /* DZHDrawingUtil.m in Sources */ = {isa = PBXBuildFile; fileRef = 4F5FC7C819653EB7006168E0 /* DZHDrawingUtil.m */; };
		4F974889195BAE3D0067EF19 /* UIColor+RGB.m in Sources */ = {isa = PBXBuildFile; fileRef = 4F974888195BAE3D0067EF19 /* UIColor+RGB.m */; };
		4F974890195BF4650067EF19 /* DZHDrawingWrapper.m in Sources */ = {isa = PBXBuildFile; fileRef = 4F97488F195BF4650067EF19 /* DZHDrawingWrapper.m */; };
		4F974893195C06EA0067EF19 /* DZHScrollContainer.m in Sources */ = {isa = PBXBuildFile; fileRef = 4F974892195C06EA0067EF19 /* DZHScrollContainer.m */; };
		4F974896195C0A670067EF19 /* DZHContainer.m in Sources */ = {isa = PBXBuildFile; fileRef = 4F974895195C0A670067EF19 /* DZHContainer.m */; };
		4F97489C195C210D0067EF19 /* DZHDrawingBase.m in Sources */ = {isa = PBXBuildFile; fileRef = 4F97489B195C210D0067EF19 /* DZHDrawingBase.m */; };
		4FAD71B2195D11680023929A /* DZHAxisEntity.m in Sources */ = {isa = PBXBuildFile; fileRef = 4FAD71B1195D11680023929A /* DZHAxisEntity.m */; };
		4FAD71B5195D185B0023929A /* DZHAxisDrawingBase.m in Sources */ = {isa = PBXBuildFile; fileRef = 4FAD71B4195D185B0023929A /* DZHAxisDrawingBase.m */; };
		4FAD71B8195D425F0023929A /* DZHKLineViewController.m in Sources */ = {isa = PBXBuildFile; fileRef = 4FAD71B7195D425F0023929A /* DZHKLineViewController.m */; };
		4FD46E85195BAA56006BD33D /* klines.data in Resources */ = {isa = PBXBuildFile; fileRef = 4FD46E84195BAA56006BD33D /* klines.data */; };
		4FD46EA0195BAB19006BD33D /* DZHKLineDateFormatter.m in Sources */ = {isa = PBXBuildFile; fileRef = 4FD46E8C195BAB19006BD33D /* DZHKLineDateFormatter.m */; };
		4FD46EA1195BAB19006BD33D /* DZHKLineValueFormatter.m in Sources */ = {isa = PBXBuildFile; fileRef = 4FD46E8E195BAB19006BD33D /* DZHKLineValueFormatter.m */; };
		4FD46EA2195BAB19006BD33D /* DZHAxisXDrawing.m in Sources */ = {isa = PBXBuildFile; fileRef = 4FD46E91195BAB19006BD33D /* DZHAxisXDrawing.m */; };
		4FD46EA3195BAB19006BD33D /* DZHAxisYDrawing.m in Sources */ = {isa = PBXBuildFile; fileRef = 4FD46E93195BAB19006BD33D /* DZHAxisYDrawing.m */; };
		4FD46EA4195BAB19006BD33D /* DZHKLineDrawing.m in Sources */ = {isa = PBXBuildFile; fileRef = 4FD46E95195BAB19006BD33D /* DZHKLineDrawing.m */; };
		4FD46EA5195BAB19006BD33D /* DZHRectangleDrawing.m in Sources */ = {isa = PBXBuildFile; fileRef = 4FD46E97195BAB19006BD33D /* DZHRectangleDrawing.m */; };
		4FD46EA7195BAB19006BD33D /* DZHKLineEntity.m in Sources */ = {isa = PBXBuildFile; fileRef = 4FD46E9D195BAB19006BD33D /* DZHKLineEntity.m */; };
		4FF972A4195BA1B100FB0940 /* Foundation.framework in Frameworks */ = {isa = PBXBuildFile; fileRef = 4FF972A3195BA1B100FB0940 /* Foundation.framework */; };
		4FF972A6195BA1B100FB0940 /* CoreGraphics.framework in Frameworks */ = {isa = PBXBuildFile; fileRef = 4FF972A5195BA1B100FB0940 /* CoreGraphics.framework */; };
		4FF972A8195BA1B100FB0940 /* UIKit.framework in Frameworks */ = {isa = PBXBuildFile; fileRef = 4FF972A7195BA1B100FB0940 /* UIKit.framework */; };
		4FF972AE195BA1B100FB0940 /* InfoPlist.strings in Resources */ = {isa = PBXBuildFile; fileRef = 4FF972AC195BA1B100FB0940 /* InfoPlist.strings */; };
		4FF972B0195BA1B100FB0940 /* main.m in Sources */ = {isa = PBXBuildFile; fileRef = 4FF972AF195BA1B100FB0940 /* main.m */; };
		4FF972B4195BA1B100FB0940 /* AppDelegate.m in Sources */ = {isa = PBXBuildFile; fileRef = 4FF972B3195BA1B100FB0940 /* AppDelegate.m */; };
		4FF972BC195BA1B100FB0940 /* Images.xcassets in Resources */ = {isa = PBXBuildFile; fileRef = 4FF972BB195BA1B100FB0940 /* Images.xcassets */; };
		4FF972C3195BA1B100FB0940 /* XCTest.framework in Frameworks */ = {isa = PBXBuildFile; fileRef = 4FF972C2195BA1B100FB0940 /* XCTest.framework */; };
		4FF972C4195BA1B100FB0940 /* Foundation.framework in Frameworks */ = {isa = PBXBuildFile; fileRef = 4FF972A3195BA1B100FB0940 /* Foundation.framework */; };
		4FF972C5195BA1B100FB0940 /* UIKit.framework in Frameworks */ = {isa = PBXBuildFile; fileRef = 4FF972A7195BA1B100FB0940 /* UIKit.framework */; };
		4FF972CD195BA1B100FB0940 /* InfoPlist.strings in Resources */ = {isa = PBXBuildFile; fileRef = 4FF972CB195BA1B100FB0940 /* InfoPlist.strings */; };
		4FF972CF195BA1B100FB0940 /* DZHDrawableTests.m in Sources */ = {isa = PBXBuildFile; fileRef = 4FF972CE195BA1B100FB0940 /* DZHDrawableTests.m */; };
/* End PBXBuildFile section */

/* Begin PBXContainerItemProxy section */
		4FF972C6195BA1B100FB0940 /* PBXContainerItemProxy */ = {
			isa = PBXContainerItemProxy;
			containerPortal = 4FF97298195BA1B100FB0940 /* Project object */;
			proxyType = 1;
			remoteGlobalIDString = 4FF9729F195BA1B100FB0940;
			remoteInfo = DZHDrawable;
		};
/* End PBXContainerItemProxy section */

/* Begin PBXFileReference section */
		4F07D485196632A30024A2C8 /* DZHMAModel.h */ = {isa = PBXFileReference; fileEncoding = 4; lastKnownFileType = sourcecode.c.h; path = DZHMAModel.h; sourceTree = "<group>"; };
		4F07D486196632A30024A2C8 /* DZHMAModel.m */ = {isa = PBXFileReference; fileEncoding = 4; lastKnownFileType = sourcecode.c.objc; path = DZHMAModel.m; sourceTree = "<group>"; };
		4F07D488196641560024A2C8 /* DZHVolumeMACalculator.h */ = {isa = PBXFileReference; fileEncoding = 4; lastKnownFileType = sourcecode.c.h; path = DZHVolumeMACalculator.h; sourceTree = "<group>"; };
		4F07D489196641560024A2C8 /* DZHVolumeMACalculator.m */ = {isa = PBXFileReference; fileEncoding = 4; lastKnownFileType = sourcecode.c.objc; path = DZHVolumeMACalculator.m; sourceTree = "<group>"; };
		4F1B643A196B885400BB5B8A /* DZHMACDDataProvider.h */ = {isa = PBXFileReference; fileEncoding = 4; lastKnownFileType = sourcecode.c.h; path = DZHMACDDataProvider.h; sourceTree = "<group>"; };
		4F1B643B196B885400BB5B8A /* DZHMACDDataProvider.m */ = {isa = PBXFileReference; fileEncoding = 4; lastKnownFileType = sourcecode.c.objc; path = DZHMACDDataProvider.m; sourceTree = "<group>"; };
		4F1B6440196B9C0C00BB5B8A /* DZHDrawingDefine.h */ = {isa = PBXFileReference; lastKnownFileType = sourcecode.c.h; name = DZHDrawingDefine.h; path = ../DrawingProtocol/DZHDrawingDefine.h; sourceTree = "<group>"; };
		4F1B6441196BBF4100BB5B8A /* DZHVolumeTypeStrategy.h */ = {isa = PBXFileReference; fileEncoding = 4; lastKnownFileType = sourcecode.c.h; path = DZHVolumeTypeStrategy.h; sourceTree = "<group>"; };
		4F1B6442196BBF4100BB5B8A /* DZHVolumeTypeStrategy.m */ = {isa = PBXFileReference; fileEncoding = 4; lastKnownFileType = sourcecode.c.objc; path = DZHVolumeTypeStrategy.m; sourceTree = "<group>"; };
		4F1B6444196BC43B00BB5B8A /* DZHColorDataprovider.h */ = {isa = PBXFileReference; fileEncoding = 4; lastKnownFileType = sourcecode.c.h; path = DZHColorDataprovider.h; sourceTree = "<group>"; };
		4F1B6445196BC43B00BB5B8A /* DZHColorDataprovider.m */ = {isa = PBXFileReference; fileEncoding = 4; lastKnownFileType = sourcecode.c.objc; path = DZHColorDataprovider.m; sourceTree = "<group>"; };
		4F1B6447196BD14C00BB5B8A /* DZHKDJCalculator.h */ = {isa = PBXFileReference; fileEncoding = 4; lastKnownFileType = sourcecode.c.h; path = DZHKDJCalculator.h; sourceTree = "<group>"; };
		4F1B6448196BD14C00BB5B8A /* DZHKDJCalculator.m */ = {isa = PBXFileReference; fileEncoding = 4; lastKnownFileType = sourcecode.c.objc; path = DZHKDJCalculator.m; sourceTree = "<group>"; };
		4F1B644A196BDC2300BB5B8A /* DZHKDJDataProvider.h */ = {isa = PBXFileReference; fileEncoding = 4; lastKnownFileType = sourcecode.c.h; path = DZHKDJDataProvider.h; sourceTree = "<group>"; };
		4F1B644B196BDC2300BB5B8A /* DZHKDJDataProvider.m */ = {isa = PBXFileReference; fileEncoding = 4; lastKnownFileType = sourcecode.c.objc; path = DZHKDJDataProvider.m; sourceTree = "<group>"; };
		4F26CC95195CF22C0078FA86 /* DZHKLineContainer.h */ = {isa = PBXFileReference; fileEncoding = 4; lastKnownFileType = sourcecode.c.h; path = DZHKLineContainer.h; sourceTree = "<group>"; };
		4F26CC96195CF22C0078FA86 /* DZHKLineContainer.m */ = {isa = PBXFileReference; fileEncoding = 4; lastKnownFileType = sourcecode.c.objc; path = DZHKLineContainer.m; sourceTree = "<group>"; };
		4F27A0C6196A25AB00679426 /* DZHKLineDataProvider.h */ = {isa = PBXFileReference; fileEncoding = 4; lastKnownFileType = sourcecode.c.h; path = DZHKLineDataProvider.h; sourceTree = "<group>"; };
		4F27A0C7196A25AB00679426 /* DZHKLineDataProvider.m */ = {isa = PBXFileReference; fileEncoding = 4; lastKnownFileType = sourcecode.c.objc; path = DZHKLineDataProvider.m; sourceTree = "<group>"; };
		4F27A0C9196A25C200679426 /* DZHDataSource.h */ = {isa = PBXFileReference; lastKnownFileType = sourcecode.c.h; path = DZHDataSource.h; sourceTree = "<group>"; };
		4F27A0CA196A738100679426 /* DZHDataProviderContext.h */ = {isa = PBXFileReference; fileEncoding = 4; lastKnownFileType = sourcecode.c.h; path = DZHDataProviderContext.h; sourceTree = "<group>"; };
		4F27A0CB196A738100679426 /* DZHDataProviderContext.m */ = {isa = PBXFileReference; fileEncoding = 4; lastKnownFileType = sourcecode.c.objc; path = DZHDataProviderContext.m; sourceTree = "<group>"; };
		4F27A0CD196A7FCB00679426 /* DZHVolumeDataProvider.h */ = {isa = PBXFileReference; fileEncoding = 4; lastKnownFileType = sourcecode.c.h; path = DZHVolumeDataProvider.h; sourceTree = "<group>"; };
		4F27A0CE196A7FCB00679426 /* DZHVolumeDataProvider.m */ = {isa = PBXFileReference; fileEncoding = 4; lastKnownFileType = sourcecode.c.objc; path = DZHVolumeDataProvider.m; sourceTree = "<group>"; };
		4F27A0D0196A8AB200679426 /* DZHKLineDataSource.h */ = {isa = PBXFileReference; fileEncoding = 4; lastKnownFileType = sourcecode.c.h; path = DZHKLineDataSource.h; sourceTree = "<group>"; };
		4F27A0D1196A8AB200679426 /* DZHKLineDataSource.m */ = {isa = PBXFileReference; fileEncoding = 4; lastKnownFileType = sourcecode.c.objc; path = DZHKLineDataSource.m; sourceTree = "<group>"; };
		4F3A0D8E19625E7C005233D3 /* DZHFillBarDrawing.h */ = {isa = PBXFileReference; fileEncoding = 4; lastKnownFileType = sourcecode.c.h; path = DZHFillBarDrawing.h; sourceTree = "<group>"; };
		4F3A0D8F19625E7C005233D3 /* DZHFillBarDrawing.m */ = {isa = PBXFileReference; fileEncoding = 4; lastKnownFileType = sourcecode.c.objc; path = DZHFillBarDrawing.m; sourceTree = "<group>"; };
		4F3A0D9119629F25005233D3 /* DZHMACurveDrawing.h */ = {isa = PBXFileReference; fileEncoding = 4; lastKnownFileType = sourcecode.c.h; path = DZHMACurveDrawing.h; sourceTree = "<group>"; };
		4F3A0D9219629F25005233D3 /* DZHMACurveDrawing.m */ = {isa = PBXFileReference; fileEncoding = 4; lastKnownFileType = sourcecode.c.objc; path = DZHMACurveDrawing.m; sourceTree = "<group>"; };
		4F48DA6B19638B7A00AB4A22 /* DZHDrawingItemModel.h */ = {isa = PBXFileReference; fileEncoding = 4; lastKnownFileType = sourcecode.c.h; path = DZHDrawingItemModel.h; sourceTree = "<group>"; };
		4F48DA6C19638B7A00AB4A22 /* DZHDrawingItemModel.m */ = {isa = PBXFileReference; fileEncoding = 4; lastKnownFileType = sourcecode.c.objc; path = DZHDrawingItemModel.m; sourceTree = "<group>"; };
		4F48DA6F19638D1600AB4A22 /* DZHDrawingItems.h */ = {isa = PBXFileReference; lastKnownFileType = sourcecode.c.h; path = DZHDrawingItems.h; sourceTree = "<group>"; };
		4F48DA711963B12700AB4A22 /* DZHMACalculator.h */ = {isa = PBXFileReference; fileEncoding = 4; lastKnownFileType = sourcecode.c.h; path = DZHMACalculator.h; sourceTree = "<group>"; };
		4F48DA721963B12700AB4A22 /* DZHMACalculator.m */ = {isa = PBXFileReference; fileEncoding = 4; lastKnownFileType = sourcecode.c.objc; path = DZHMACalculator.m; sourceTree = "<group>"; };
		4F572E4219667FAA00D35C8C /* DZHKLineTypeStrategy.h */ = {isa = PBXFileReference; fileEncoding = 4; lastKnownFileType = sourcecode.c.h; path = DZHKLineTypeStrategy.h; sourceTree = "<group>"; };
		4F572E4319667FAA00D35C8C /* DZHKLineTypeStrategy.m */ = {isa = PBXFileReference; fileEncoding = 4; lastKnownFileType = sourcecode.c.objc; path = DZHKLineTypeStrategy.m; sourceTree = "<group>"; };
		4F572E451966915F00D35C8C /* DZHMACDCalculator.h */ = {isa = PBXFileReference; fileEncoding = 4; lastKnownFileType = sourcecode.c.h; path = DZHMACDCalculator.h; sourceTree = "<group>"; };
		4F572E461966915F00D35C8C /* DZHMACDCalculator.m */ = {isa = PBXFileReference; fileEncoding = 4; lastKnownFileType = sourcecode.c.objc; path = DZHMACDCalculator.m; sourceTree = "<group>"; };
		4F5FC7C719653EB7006168E0 /* DZHDrawingUtil.h */ = {isa = PBXFileReference; fileEncoding = 4; lastKnownFileType = sourcecode.c.h; path = DZHDrawingUtil.h; sourceTree = "<group>"; };
		4F5FC7C819653EB7006168E0 /* DZHDrawingUtil.m */ = {isa = PBXFileReference; fileEncoding = 4; lastKnownFileType = sourcecode.c.objc; path = DZHDrawingUtil.m; sourceTree = "<group>"; };
		4F974887195BAE3D0067EF19 /* UIColor+RGB.h */ = {isa = PBXFileReference; fileEncoding = 4; lastKnownFileType = sourcecode.c.h; path = "UIColor+RGB.h"; sourceTree = "<group>"; };
		4F974888195BAE3D0067EF19 /* UIColor+RGB.m */ = {isa = PBXFileReference; fileEncoding = 4; lastKnownFileType = sourcecode.c.objc; path = "UIColor+RGB.m"; sourceTree = "<group>"; };
		4F97488A195BBBC00067EF19 /* DZHDrawingContainer.h */ = {isa = PBXFileReference; lastKnownFileType = sourcecode.c.h; path = DZHDrawingContainer.h; sourceTree = "<group>"; };
		4F97488D195BE0E80067EF19 /* DZHAxisDrawing.h */ = {isa = PBXFileReference; lastKnownFileType = sourcecode.c.h; path = DZHAxisDrawing.h; sourceTree = "<group>"; };
		4F97488E195BF4650067EF19 /* DZHDrawingWrapper.h */ = {isa = PBXFileReference; fileEncoding = 4; lastKnownFileType = sourcecode.c.h; path = DZHDrawingWrapper.h; sourceTree = "<group>"; };
		4F97488F195BF4650067EF19 /* DZHDrawingWrapper.m */ = {isa = PBXFileReference; fileEncoding = 4; lastKnownFileType = sourcecode.c.objc; path = DZHDrawingWrapper.m; sourceTree = "<group>"; };
		4F974891195C06EA0067EF19 /* DZHScrollContainer.h */ = {isa = PBXFileReference; fileEncoding = 4; lastKnownFileType = sourcecode.c.h; path = DZHScrollContainer.h; sourceTree = "<group>"; };
		4F974892195C06EA0067EF19 /* DZHScrollContainer.m */ = {isa = PBXFileReference; fileEncoding = 4; lastKnownFileType = sourcecode.c.objc; path = DZHScrollContainer.m; sourceTree = "<group>"; };
		4F974894195C0A670067EF19 /* DZHContainer.h */ = {isa = PBXFileReference; fileEncoding = 4; lastKnownFileType = sourcecode.c.h; path = DZHContainer.h; sourceTree = "<group>"; };
		4F974895195C0A670067EF19 /* DZHContainer.m */ = {isa = PBXFileReference; fileEncoding = 4; lastKnownFileType = sourcecode.c.objc; path = DZHContainer.m; sourceTree = "<group>"; };
		4F97489A195C210D0067EF19 /* DZHDrawingBase.h */ = {isa = PBXFileReference; fileEncoding = 4; lastKnownFileType = sourcecode.c.h; path = DZHDrawingBase.h; sourceTree = "<group>"; };
		4F97489B195C210D0067EF19 /* DZHDrawingBase.m */ = {isa = PBXFileReference; fileEncoding = 4; lastKnownFileType = sourcecode.c.objc; path = DZHDrawingBase.m; sourceTree = "<group>"; };
		4FAD71B0195D11680023929A /* DZHAxisEntity.h */ = {isa = PBXFileReference; fileEncoding = 4; lastKnownFileType = sourcecode.c.h; path = DZHAxisEntity.h; sourceTree = "<group>"; };
		4FAD71B1195D11680023929A /* DZHAxisEntity.m */ = {isa = PBXFileReference; fileEncoding = 4; lastKnownFileType = sourcecode.c.objc; path = DZHAxisEntity.m; sourceTree = "<group>"; };
		4FAD71B3195D185B0023929A /* DZHAxisDrawingBase.h */ = {isa = PBXFileReference; fileEncoding = 4; lastKnownFileType = sourcecode.c.h; path = DZHAxisDrawingBase.h; sourceTree = "<group>"; };
		4FAD71B4195D185B0023929A /* DZHAxisDrawingBase.m */ = {isa = PBXFileReference; fileEncoding = 4; lastKnownFileType = sourcecode.c.objc; path = DZHAxisDrawingBase.m; sourceTree = "<group>"; };
		4FAD71B6195D425F0023929A /* DZHKLineViewController.h */ = {isa = PBXFileReference; fileEncoding = 4; lastKnownFileType = sourcecode.c.h; path = DZHKLineViewController.h; sourceTree = "<group>"; };
		4FAD71B7195D425F0023929A /* DZHKLineViewController.m */ = {isa = PBXFileReference; fileEncoding = 4; lastKnownFileType = sourcecode.c.objc; path = DZHKLineViewController.m; sourceTree = "<group>"; };
		4FAD71B9195D66DF0023929A /* DZHDataTraveler.h */ = {isa = PBXFileReference; lastKnownFileType = sourcecode.c.h; path = DZHDataTraveler.h; sourceTree = "<group>"; };
		4FD46E84195BAA56006BD33D /* klines.data */ = {isa = PBXFileReference; lastKnownFileType = file.bplist; path = klines.data; sourceTree = "<group>"; };
		4FD46E8B195BAB19006BD33D /* DZHKLineDateFormatter.h */ = {isa = PBXFileReference; fileEncoding = 4; lastKnownFileType = sourcecode.c.h; path = DZHKLineDateFormatter.h; sourceTree = "<group>"; };
		4FD46E8C195BAB19006BD33D /* DZHKLineDateFormatter.m */ = {isa = PBXFileReference; fileEncoding = 4; lastKnownFileType = sourcecode.c.objc; path = DZHKLineDateFormatter.m; sourceTree = "<group>"; };
		4FD46E8D195BAB19006BD33D /* DZHKLineValueFormatter.h */ = {isa = PBXFileReference; fileEncoding = 4; lastKnownFileType = sourcecode.c.h; path = DZHKLineValueFormatter.h; sourceTree = "<group>"; };
		4FD46E8E195BAB19006BD33D /* DZHKLineValueFormatter.m */ = {isa = PBXFileReference; fileEncoding = 4; lastKnownFileType = sourcecode.c.objc; path = DZHKLineValueFormatter.m; sourceTree = "<group>"; };
		4FD46E90195BAB19006BD33D /* DZHAxisXDrawing.h */ = {isa = PBXFileReference; fileEncoding = 4; lastKnownFileType = sourcecode.c.h; path = DZHAxisXDrawing.h; sourceTree = "<group>"; };
		4FD46E91195BAB19006BD33D /* DZHAxisXDrawing.m */ = {isa = PBXFileReference; fileEncoding = 4; lastKnownFileType = sourcecode.c.objc; path = DZHAxisXDrawing.m; sourceTree = "<group>"; };
		4FD46E92195BAB19006BD33D /* DZHAxisYDrawing.h */ = {isa = PBXFileReference; fileEncoding = 4; lastKnownFileType = sourcecode.c.h; path = DZHAxisYDrawing.h; sourceTree = "<group>"; };
		4FD46E93195BAB19006BD33D /* DZHAxisYDrawing.m */ = {isa = PBXFileReference; fileEncoding = 4; lastKnownFileType = sourcecode.c.objc; path = DZHAxisYDrawing.m; sourceTree = "<group>"; };
		4FD46E94195BAB19006BD33D /* DZHKLineDrawing.h */ = {isa = PBXFileReference; fileEncoding = 4; lastKnownFileType = sourcecode.c.h; path = DZHKLineDrawing.h; sourceTree = "<group>"; };
		4FD46E95195BAB19006BD33D /* DZHKLineDrawing.m */ = {isa = PBXFileReference; fileEncoding = 4; lastKnownFileType = sourcecode.c.objc; path = DZHKLineDrawing.m; sourceTree = "<group>"; };
		4FD46E96195BAB19006BD33D /* DZHRectangleDrawing.h */ = {isa = PBXFileReference; fileEncoding = 4; lastKnownFileType = sourcecode.c.h; path = DZHRectangleDrawing.h; sourceTree = "<group>"; };
		4FD46E97195BAB19006BD33D /* DZHRectangleDrawing.m */ = {isa = PBXFileReference; fileEncoding = 4; lastKnownFileType = sourcecode.c.objc; path = DZHRectangleDrawing.m; sourceTree = "<group>"; };
		4FD46E9C195BAB19006BD33D /* DZHKLineEntity.h */ = {isa = PBXFileReference; fileEncoding = 4; lastKnownFileType = sourcecode.c.h; path = DZHKLineEntity.h; sourceTree = "<group>"; };
		4FD46E9D195BAB19006BD33D /* DZHKLineEntity.m */ = {isa = PBXFileReference; fileEncoding = 4; lastKnownFileType = sourcecode.c.objc; path = DZHKLineEntity.m; sourceTree = "<group>"; };
		4FD46E9F195BAB19006BD33D /* DZHDrawing.h */ = {isa = PBXFileReference; fileEncoding = 4; lastKnownFileType = sourcecode.c.h; path = DZHDrawing.h; sourceTree = "<group>"; };
		4FF972A0195BA1B100FB0940 /* DZHDrawable.app */ = {isa = PBXFileReference; explicitFileType = wrapper.application; includeInIndex = 0; path = DZHDrawable.app; sourceTree = BUILT_PRODUCTS_DIR; };
		4FF972A3195BA1B100FB0940 /* Foundation.framework */ = {isa = PBXFileReference; lastKnownFileType = wrapper.framework; name = Foundation.framework; path = System/Library/Frameworks/Foundation.framework; sourceTree = SDKROOT; };
		4FF972A5195BA1B100FB0940 /* CoreGraphics.framework */ = {isa = PBXFileReference; lastKnownFileType = wrapper.framework; name = CoreGraphics.framework; path = System/Library/Frameworks/CoreGraphics.framework; sourceTree = SDKROOT; };
		4FF972A7195BA1B100FB0940 /* UIKit.framework */ = {isa = PBXFileReference; lastKnownFileType = wrapper.framework; name = UIKit.framework; path = System/Library/Frameworks/UIKit.framework; sourceTree = SDKROOT; };
		4FF972AB195BA1B100FB0940 /* DZHDrawable-Info.plist */ = {isa = PBXFileReference; lastKnownFileType = text.plist.xml; path = "DZHDrawable-Info.plist"; sourceTree = "<group>"; };
		4FF972AD195BA1B100FB0940 /* en */ = {isa = PBXFileReference; lastKnownFileType = text.plist.strings; name = en; path = en.lproj/InfoPlist.strings; sourceTree = "<group>"; };
		4FF972AF195BA1B100FB0940 /* main.m */ = {isa = PBXFileReference; lastKnownFileType = sourcecode.c.objc; path = main.m; sourceTree = "<group>"; };
		4FF972B1195BA1B100FB0940 /* DZHDrawable-Prefix.pch */ = {isa = PBXFileReference; lastKnownFileType = sourcecode.c.h; path = "DZHDrawable-Prefix.pch"; sourceTree = "<group>"; };
		4FF972B2195BA1B100FB0940 /* AppDelegate.h */ = {isa = PBXFileReference; lastKnownFileType = sourcecode.c.h; path = AppDelegate.h; sourceTree = "<group>"; };
		4FF972B3195BA1B100FB0940 /* AppDelegate.m */ = {isa = PBXFileReference; lastKnownFileType = sourcecode.c.objc; path = AppDelegate.m; sourceTree = "<group>"; };
		4FF972BB195BA1B100FB0940 /* Images.xcassets */ = {isa = PBXFileReference; lastKnownFileType = folder.assetcatalog; path = Images.xcassets; sourceTree = "<group>"; };
		4FF972C1195BA1B100FB0940 /* DZHDrawableTests.xctest */ = {isa = PBXFileReference; explicitFileType = wrapper.cfbundle; includeInIndex = 0; path = DZHDrawableTests.xctest; sourceTree = BUILT_PRODUCTS_DIR; };
		4FF972C2195BA1B100FB0940 /* XCTest.framework */ = {isa = PBXFileReference; lastKnownFileType = wrapper.framework; name = XCTest.framework; path = Library/Frameworks/XCTest.framework; sourceTree = DEVELOPER_DIR; };
		4FF972CA195BA1B100FB0940 /* DZHDrawableTests-Info.plist */ = {isa = PBXFileReference; lastKnownFileType = text.plist.xml; path = "DZHDrawableTests-Info.plist"; sourceTree = "<group>"; };
		4FF972CC195BA1B100FB0940 /* en */ = {isa = PBXFileReference; lastKnownFileType = text.plist.strings; name = en; path = en.lproj/InfoPlist.strings; sourceTree = "<group>"; };
		4FF972CE195BA1B100FB0940 /* DZHDrawableTests.m */ = {isa = PBXFileReference; lastKnownFileType = sourcecode.c.objc; path = DZHDrawableTests.m; sourceTree = "<group>"; };
/* End PBXFileReference section */

/* Begin PBXFrameworksBuildPhase section */
		4FF9729D195BA1B100FB0940 /* Frameworks */ = {
			isa = PBXFrameworksBuildPhase;
			buildActionMask = 2147483647;
			files = (
				4FF972A6195BA1B100FB0940 /* CoreGraphics.framework in Frameworks */,
				4FF972A8195BA1B100FB0940 /* UIKit.framework in Frameworks */,
				4FF972A4195BA1B100FB0940 /* Foundation.framework in Frameworks */,
			);
			runOnlyForDeploymentPostprocessing = 0;
		};
		4FF972BE195BA1B100FB0940 /* Frameworks */ = {
			isa = PBXFrameworksBuildPhase;
			buildActionMask = 2147483647;
			files = (
				4FF972C3195BA1B100FB0940 /* XCTest.framework in Frameworks */,
				4FF972C5195BA1B100FB0940 /* UIKit.framework in Frameworks */,
				4FF972C4195BA1B100FB0940 /* Foundation.framework in Frameworks */,
			);
			runOnlyForDeploymentPostprocessing = 0;
		};
/* End PBXFrameworksBuildPhase section */

/* Begin PBXGroup section */
		4F27A0C5196A253C00679426 /* DrawingDataSource */ = {
			isa = PBXGroup;
			children = (
				4F27A0CA196A738100679426 /* DZHDataProviderContext.h */,
				4F27A0CB196A738100679426 /* DZHDataProviderContext.m */,
				4F27A0C6196A25AB00679426 /* DZHKLineDataProvider.h */,
				4F27A0C7196A25AB00679426 /* DZHKLineDataProvider.m */,
				4F27A0CD196A7FCB00679426 /* DZHVolumeDataProvider.h */,
				4F27A0CE196A7FCB00679426 /* DZHVolumeDataProvider.m */,
				4F1B643A196B885400BB5B8A /* DZHMACDDataProvider.h */,
				4F1B643B196B885400BB5B8A /* DZHMACDDataProvider.m */,
				4F1B644A196BDC2300BB5B8A /* DZHKDJDataProvider.h */,
				4F1B644B196BDC2300BB5B8A /* DZHKDJDataProvider.m */,
				4F1B6444196BC43B00BB5B8A /* DZHColorDataprovider.h */,
				4F1B6445196BC43B00BB5B8A /* DZHColorDataprovider.m */,
			);
			path = DrawingDataSource;
			sourceTree = "<group>";
		};
		4F3A0DA01962B391005233D3 /* Other */ = {
			isa = PBXGroup;
			children = (
				4F48DA711963B12700AB4A22 /* DZHMACalculator.h */,
				4F48DA721963B12700AB4A22 /* DZHMACalculator.m */,
				4F07D488196641560024A2C8 /* DZHVolumeMACalculator.h */,
				4F07D489196641560024A2C8 /* DZHVolumeMACalculator.m */,
				4F572E451966915F00D35C8C /* DZHMACDCalculator.h */,
				4F572E461966915F00D35C8C /* DZHMACDCalculator.m */,
				4F1B6447196BD14C00BB5B8A /* DZHKDJCalculator.h */,
				4F1B6448196BD14C00BB5B8A /* DZHKDJCalculator.m */,
				4F572E4219667FAA00D35C8C /* DZHKLineTypeStrategy.h */,
				4F572E4319667FAA00D35C8C /* DZHKLineTypeStrategy.m */,
				4F1B6441196BBF4100BB5B8A /* DZHVolumeTypeStrategy.h */,
				4F1B6442196BBF4100BB5B8A /* DZHVolumeTypeStrategy.m */,
			);
			path = Other;
			sourceTree = "<group>";
		};
		4F48DA7019638F8200AB4A22 /* Common */ = {
			isa = PBXGroup;
			children = (
				4F1B6440196B9C0C00BB5B8A /* DZHDrawingDefine.h */,
				4F5FC7C719653EB7006168E0 /* DZHDrawingUtil.h */,
				4F5FC7C819653EB7006168E0 /* DZHDrawingUtil.m */,
			);
			path = Common;
			sourceTree = "<group>";
		};
		4F974886195BADC70067EF19 /* Addition */ = {
			isa = PBXGroup;
			children = (
				4F974887195BAE3D0067EF19 /* UIColor+RGB.h */,
				4F974888195BAE3D0067EF19 /* UIColor+RGB.m */,
			);
			path = Addition;
			sourceTree = "<group>";
		};
		4FD46E83195BAA43006BD33D /* Resource */ = {
			isa = PBXGroup;
			children = (
				4FD46E84195BAA56006BD33D /* klines.data */,
			);
			path = Resource;
			sourceTree = "<group>";
		};
		4FD46E8A195BAB19006BD33D /* DataFormatter */ = {
			isa = PBXGroup;
			children = (
				4FD46E8B195BAB19006BD33D /* DZHKLineDateFormatter.h */,
				4FD46E8C195BAB19006BD33D /* DZHKLineDateFormatter.m */,
				4FD46E8D195BAB19006BD33D /* DZHKLineValueFormatter.h */,
				4FD46E8E195BAB19006BD33D /* DZHKLineValueFormatter.m */,
			);
			path = DataFormatter;
			sourceTree = "<group>";
		};
		4FD46E8F195BAB19006BD33D /* Drawing */ = {
			isa = PBXGroup;
			children = (
				4F97489A195C210D0067EF19 /* DZHDrawingBase.h */,
				4F97489B195C210D0067EF19 /* DZHDrawingBase.m */,
				4FAD71B3195D185B0023929A /* DZHAxisDrawingBase.h */,
				4FAD71B4195D185B0023929A /* DZHAxisDrawingBase.m */,
				4FD46E90195BAB19006BD33D /* DZHAxisXDrawing.h */,
				4FD46E91195BAB19006BD33D /* DZHAxisXDrawing.m */,
				4FD46E92195BAB19006BD33D /* DZHAxisYDrawing.h */,
				4FD46E93195BAB19006BD33D /* DZHAxisYDrawing.m */,
				4FD46E94195BAB19006BD33D /* DZHKLineDrawing.h */,
				4FD46E95195BAB19006BD33D /* DZHKLineDrawing.m */,
				4FD46E96195BAB19006BD33D /* DZHRectangleDrawing.h */,
				4FD46E97195BAB19006BD33D /* DZHRectangleDrawing.m */,
				4F3A0D8E19625E7C005233D3 /* DZHFillBarDrawing.h */,
				4F3A0D8F19625E7C005233D3 /* DZHFillBarDrawing.m */,
				4F3A0D9119629F25005233D3 /* DZHMACurveDrawing.h */,
				4F3A0D9219629F25005233D3 /* DZHMACurveDrawing.m */,
			);
			path = Drawing;
			sourceTree = "<group>";
		};
		4FD46E98195BAB19006BD33D /* DrawingContainer */ = {
			isa = PBXGroup;
			children = (
				4F974894195C0A670067EF19 /* DZHContainer.h */,
				4F974895195C0A670067EF19 /* DZHContainer.m */,
				4F974891195C06EA0067EF19 /* DZHScrollContainer.h */,
				4F974892195C06EA0067EF19 /* DZHScrollContainer.m */,
				4F26CC95195CF22C0078FA86 /* DZHKLineContainer.h */,
				4F26CC96195CF22C0078FA86 /* DZHKLineContainer.m */,
			);
			path = DrawingContainer;
			sourceTree = "<group>";
		};
		4FD46E9B195BAB19006BD33D /* DrawingEntity */ = {
			isa = PBXGroup;
			children = (
				4FD46E9C195BAB19006BD33D /* DZHKLineEntity.h */,
				4FD46E9D195BAB19006BD33D /* DZHKLineEntity.m */,
				4F97488E195BF4650067EF19 /* DZHDrawingWrapper.h */,
				4F97488F195BF4650067EF19 /* DZHDrawingWrapper.m */,
				4FAD71B0195D11680023929A /* DZHAxisEntity.h */,
				4FAD71B1195D11680023929A /* DZHAxisEntity.m */,
				4F48DA6B19638B7A00AB4A22 /* DZHDrawingItemModel.h */,
				4F48DA6C19638B7A00AB4A22 /* DZHDrawingItemModel.m */,
				4F07D485196632A30024A2C8 /* DZHMAModel.h */,
				4F07D486196632A30024A2C8 /* DZHMAModel.m */,
			);
			path = DrawingEntity;
			sourceTree = "<group>";
		};
		4FD46E9E195BAB19006BD33D /* DrawingProtocol */ = {
			isa = PBXGroup;
			children = (
				4FD46E9F195BAB19006BD33D /* DZHDrawing.h */,
				4F97488A195BBBC00067EF19 /* DZHDrawingContainer.h */,
				4F97488D195BE0E80067EF19 /* DZHAxisDrawing.h */,
				4FAD71B9195D66DF0023929A /* DZHDataTraveler.h */,
				4F48DA6F19638D1600AB4A22 /* DZHDrawingItems.h */,
				4F27A0C9196A25C200679426 /* DZHDataSource.h */,
			);
			path = DrawingProtocol;
			sourceTree = "<group>";
		};
		4FF97297195BA1B100FB0940 = {
			isa = PBXGroup;
			children = (
				4FD46E83195BAA43006BD33D /* Resource */,
				4FF972A9195BA1B100FB0940 /* DZHDrawable */,
				4FF972C8195BA1B100FB0940 /* DZHDrawableTests */,
				4FF972A2195BA1B100FB0940 /* Frameworks */,
				4FF972A1195BA1B100FB0940 /* Products */,
			);
			sourceTree = "<group>";
		};
		4FF972A1195BA1B100FB0940 /* Products */ = {
			isa = PBXGroup;
			children = (
				4FF972A0195BA1B100FB0940 /* DZHDrawable.app */,
				4FF972C1195BA1B100FB0940 /* DZHDrawableTests.xctest */,
			);
			name = Products;
			sourceTree = "<group>";
		};
		4FF972A2195BA1B100FB0940 /* Frameworks */ = {
			isa = PBXGroup;
			children = (
				4FF972A3195BA1B100FB0940 /* Foundation.framework */,
				4FF972A5195BA1B100FB0940 /* CoreGraphics.framework */,
				4FF972A7195BA1B100FB0940 /* UIKit.framework */,
				4FF972C2195BA1B100FB0940 /* XCTest.framework */,
			);
			name = Frameworks;
			sourceTree = "<group>";
		};
		4FF972A9195BA1B100FB0940 /* DZHDrawable */ = {
			isa = PBXGroup;
			children = (
				4F27A0C5196A253C00679426 /* DrawingDataSource */,
				4F48DA7019638F8200AB4A22 /* Common */,
				4F3A0DA01962B391005233D3 /* Other */,
				4F974886195BADC70067EF19 /* Addition */,
				4FD46E8A195BAB19006BD33D /* DataFormatter */,
				4FD46E8F195BAB19006BD33D /* Drawing */,
				4FD46E98195BAB19006BD33D /* DrawingContainer */,
				4FD46E9B195BAB19006BD33D /* DrawingEntity */,
				4FD46E9E195BAB19006BD33D /* DrawingProtocol */,
				4FF972B2195BA1B100FB0940 /* AppDelegate.h */,
				4FF972B3195BA1B100FB0940 /* AppDelegate.m */,
				4F27A0D0196A8AB200679426 /* DZHKLineDataSource.h */,
				4F27A0D1196A8AB200679426 /* DZHKLineDataSource.m */,
				4FAD71B6195D425F0023929A /* DZHKLineViewController.h */,
				4FAD71B7195D425F0023929A /* DZHKLineViewController.m */,
				4FF972BB195BA1B100FB0940 /* Images.xcassets */,
				4FF972AA195BA1B100FB0940 /* Supporting Files */,
			);
			path = DZHDrawable;
			sourceTree = "<group>";
		};
		4FF972AA195BA1B100FB0940 /* Supporting Files */ = {
			isa = PBXGroup;
			children = (
				4FF972AB195BA1B100FB0940 /* DZHDrawable-Info.plist */,
				4FF972AC195BA1B100FB0940 /* InfoPlist.strings */,
				4FF972AF195BA1B100FB0940 /* main.m */,
				4FF972B1195BA1B100FB0940 /* DZHDrawable-Prefix.pch */,
			);
			name = "Supporting Files";
			sourceTree = "<group>";
		};
		4FF972C8195BA1B100FB0940 /* DZHDrawableTests */ = {
			isa = PBXGroup;
			children = (
				4FF972CE195BA1B100FB0940 /* DZHDrawableTests.m */,
				4FF972C9195BA1B100FB0940 /* Supporting Files */,
			);
			path = DZHDrawableTests;
			sourceTree = "<group>";
		};
		4FF972C9195BA1B100FB0940 /* Supporting Files */ = {
			isa = PBXGroup;
			children = (
				4FF972CA195BA1B100FB0940 /* DZHDrawableTests-Info.plist */,
				4FF972CB195BA1B100FB0940 /* InfoPlist.strings */,
			);
			name = "Supporting Files";
			sourceTree = "<group>";
		};
/* End PBXGroup section */

/* Begin PBXNativeTarget section */
		4FF9729F195BA1B100FB0940 /* DZHDrawable */ = {
			isa = PBXNativeTarget;
			buildConfigurationList = 4FF972D2195BA1B100FB0940 /* Build configuration list for PBXNativeTarget "DZHDrawable" */;
			buildPhases = (
				4FF9729C195BA1B100FB0940 /* Sources */,
				4FF9729D195BA1B100FB0940 /* Frameworks */,
				4FF9729E195BA1B100FB0940 /* Resources */,
			);
			buildRules = (
			);
			dependencies = (
			);
			name = DZHDrawable;
			productName = DZHDrawable;
			productReference = 4FF972A0195BA1B100FB0940 /* DZHDrawable.app */;
			productType = "com.apple.product-type.application";
		};
		4FF972C0195BA1B100FB0940 /* DZHDrawableTests */ = {
			isa = PBXNativeTarget;
			buildConfigurationList = 4FF972D5195BA1B100FB0940 /* Build configuration list for PBXNativeTarget "DZHDrawableTests" */;
			buildPhases = (
				4FF972BD195BA1B100FB0940 /* Sources */,
				4FF972BE195BA1B100FB0940 /* Frameworks */,
				4FF972BF195BA1B100FB0940 /* Resources */,
			);
			buildRules = (
			);
			dependencies = (
				4FF972C7195BA1B100FB0940 /* PBXTargetDependency */,
			);
			name = DZHDrawableTests;
			productName = DZHDrawableTests;
			productReference = 4FF972C1195BA1B100FB0940 /* DZHDrawableTests.xctest */;
			productType = "com.apple.product-type.bundle.unit-test";
		};
/* End PBXNativeTarget section */

/* Begin PBXProject section */
		4FF97298195BA1B100FB0940 /* Project object */ = {
			isa = PBXProject;
			attributes = {
				LastUpgradeCheck = 0500;
				ORGANIZATIONNAME = Duanwwu;
				TargetAttributes = {
					4FF972C0195BA1B100FB0940 = {
						TestTargetID = 4FF9729F195BA1B100FB0940;
					};
				};
			};
			buildConfigurationList = 4FF9729B195BA1B100FB0940 /* Build configuration list for PBXProject "DZHDrawable" */;
			compatibilityVersion = "Xcode 3.2";
			developmentRegion = English;
			hasScannedForEncodings = 0;
			knownRegions = (
				en,
				Base,
			);
			mainGroup = 4FF97297195BA1B100FB0940;
			productRefGroup = 4FF972A1195BA1B100FB0940 /* Products */;
			projectDirPath = "";
			projectRoot = "";
			targets = (
				4FF9729F195BA1B100FB0940 /* DZHDrawable */,
				4FF972C0195BA1B100FB0940 /* DZHDrawableTests */,
			);
		};
/* End PBXProject section */

/* Begin PBXResourcesBuildPhase section */
		4FF9729E195BA1B100FB0940 /* Resources */ = {
			isa = PBXResourcesBuildPhase;
			buildActionMask = 2147483647;
			files = (
				4FF972BC195BA1B100FB0940 /* Images.xcassets in Resources */,
				4FF972AE195BA1B100FB0940 /* InfoPlist.strings in Resources */,
				4FD46E85195BAA56006BD33D /* klines.data in Resources */,
			);
			runOnlyForDeploymentPostprocessing = 0;
		};
		4FF972BF195BA1B100FB0940 /* Resources */ = {
			isa = PBXResourcesBuildPhase;
			buildActionMask = 2147483647;
			files = (
				4FF972CD195BA1B100FB0940 /* InfoPlist.strings in Resources */,
			);
			runOnlyForDeploymentPostprocessing = 0;
		};
/* End PBXResourcesBuildPhase section */

/* Begin PBXSourcesBuildPhase section */
		4FF9729C195BA1B100FB0940 /* Sources */ = {
			isa = PBXSourcesBuildPhase;
			buildActionMask = 2147483647;
			files = (
				4F974896195C0A670067EF19 /* DZHContainer.m in Sources */,
				4F48DA731963B12700AB4A22 /* DZHMACalculator.m in Sources */,
				4FD46EA4195BAB19006BD33D /* DZHKLineDrawing.m in Sources */,
				4FD46EA0195BAB19006BD33D /* DZHKLineDateFormatter.m in Sources */,
				4FAD71B5195D185B0023929A /* DZHAxisDrawingBase.m in Sources */,
				4FAD71B2195D11680023929A /* DZHAxisEntity.m in Sources */,
				4F1B6449196BD14C00BB5B8A /* DZHKDJCalculator.m in Sources */,
				4F07D48A196641560024A2C8 /* DZHVolumeMACalculator.m in Sources */,
				4FD46EA1195BAB19006BD33D /* DZHKLineValueFormatter.m in Sources */,
				4FD46EA7195BAB19006BD33D /* DZHKLineEntity.m in Sources */,
				4F07D487196632A30024A2C8 /* DZHMAModel.m in Sources */,
				4F27A0C8196A25AB00679426 /* DZHKLineDataProvider.m in Sources */,
				4FD46EA2195BAB19006BD33D /* DZHAxisXDrawing.m in Sources */,
				4F974893195C06EA0067EF19 /* DZHScrollContainer.m in Sources */,
				4F97489C195C210D0067EF19 /* DZHDrawingBase.m in Sources */,
				4FAD71B8195D425F0023929A /* DZHKLineViewController.m in Sources */,
				4F1B644C196BDC2300BB5B8A /* DZHKDJDataProvider.m in Sources */,
				4F26CC97195CF22C0078FA86 /* DZHKLineContainer.m in Sources */,
				4F27A0CC196A738100679426 /* DZHDataProviderContext.m in Sources */,
				4F5FC7C919653EB7006168E0 /* DZHDrawingUtil.m in Sources */,
				4F27A0D2196A8AB200679426 /* DZHKLineDataSource.m in Sources */,
				4F974889195BAE3D0067EF19 /* UIColor+RGB.m in Sources */,
				4F572E471966915F00D35C8C /* DZHMACDCalculator.m in Sources */,
				4F3A0D9019625E7C005233D3 /* DZHFillBarDrawing.m in Sources */,
				4F3A0D9319629F25005233D3 /* DZHMACurveDrawing.m in Sources */,
				4F1B643C196B885400BB5B8A /* DZHMACDDataProvider.m in Sources */,
				4FD46EA5195BAB19006BD33D /* DZHRectangleDrawing.m in Sources */,
				4F1B6446196BC43B00BB5B8A /* DZHColorDataprovider.m in Sources */,
				4FF972B4195BA1B100FB0940 /* AppDelegate.m in Sources */,
				4F27A0CF196A7FCB00679426 /* DZHVolumeDataProvider.m in Sources */,
				4F48DA6D19638B7A00AB4A22 /* DZHDrawingItemModel.m in Sources */,
				4F572E4419667FAA00D35C8C /* DZHKLineTypeStrategy.m in Sources */,
				4FF972B0195BA1B100FB0940 /* main.m in Sources */,
				4F1B6443196BBF4100BB5B8A /* DZHVolumeTypeStrategy.m in Sources */,
				4F974890195BF4650067EF19 /* DZHDrawingWrapper.m in Sources */,
				4FD46EA3195BAB19006BD33D /* DZHAxisYDrawing.m in Sources */,
			);
			runOnlyForDeploymentPostprocessing = 0;
		};
		4FF972BD195BA1B100FB0940 /* Sources */ = {
			isa = PBXSourcesBuildPhase;
			buildActionMask = 2147483647;
			files = (
				4FF972CF195BA1B100FB0940 /* DZHDrawableTests.m in Sources */,
			);
			runOnlyForDeploymentPostprocessing = 0;
		};
/* End PBXSourcesBuildPhase section */

/* Begin PBXTargetDependency section */
		4FF972C7195BA1B100FB0940 /* PBXTargetDependency */ = {
			isa = PBXTargetDependency;
			target = 4FF9729F195BA1B100FB0940 /* DZHDrawable */;
			targetProxy = 4FF972C6195BA1B100FB0940 /* PBXContainerItemProxy */;
		};
/* End PBXTargetDependency section */

/* Begin PBXVariantGroup section */
		4FF972AC195BA1B100FB0940 /* InfoPlist.strings */ = {
			isa = PBXVariantGroup;
			children = (
				4FF972AD195BA1B100FB0940 /* en */,
			);
			name = InfoPlist.strings;
			sourceTree = "<group>";
		};
		4FF972CB195BA1B100FB0940 /* InfoPlist.strings */ = {
			isa = PBXVariantGroup;
			children = (
				4FF972CC195BA1B100FB0940 /* en */,
			);
			name = InfoPlist.strings;
			sourceTree = "<group>";
		};
/* End PBXVariantGroup section */

/* Begin XCBuildConfiguration section */
		4FF972D0195BA1B100FB0940 /* Debug */ = {
			isa = XCBuildConfiguration;
			buildSettings = {
				ALWAYS_SEARCH_USER_PATHS = NO;
				ARCHS = "$(ARCHS_STANDARD_INCLUDING_64_BIT)";
				CLANG_CXX_LANGUAGE_STANDARD = "gnu++0x";
				CLANG_CXX_LIBRARY = "libc++";
				CLANG_ENABLE_MODULES = YES;
				CLANG_ENABLE_OBJC_ARC = NO;
				CLANG_WARN_BOOL_CONVERSION = YES;
				CLANG_WARN_CONSTANT_CONVERSION = YES;
				CLANG_WARN_DIRECT_OBJC_ISA_USAGE = YES_ERROR;
				CLANG_WARN_EMPTY_BODY = YES;
				CLANG_WARN_ENUM_CONVERSION = YES;
				CLANG_WARN_INT_CONVERSION = YES;
				CLANG_WARN_OBJC_ROOT_CLASS = YES_ERROR;
				CLANG_WARN__DUPLICATE_METHOD_MATCH = YES;
				"CODE_SIGN_IDENTITY[sdk=iphoneos*]" = "iPhone Developer";
				COPY_PHASE_STRIP = NO;
				GCC_C_LANGUAGE_STANDARD = gnu99;
				GCC_DYNAMIC_NO_PIC = NO;
				GCC_OPTIMIZATION_LEVEL = 0;
				GCC_PREPROCESSOR_DEFINITIONS = (
					"DEBUG=1",
					"$(inherited)",
				);
				GCC_SYMBOLS_PRIVATE_EXTERN = NO;
				GCC_WARN_64_TO_32_BIT_CONVERSION = YES;
				GCC_WARN_ABOUT_RETURN_TYPE = YES_ERROR;
				GCC_WARN_UNDECLARED_SELECTOR = YES;
				GCC_WARN_UNINITIALIZED_AUTOS = YES;
				GCC_WARN_UNUSED_FUNCTION = YES;
				GCC_WARN_UNUSED_VARIABLE = YES;
				IPHONEOS_DEPLOYMENT_TARGET = 7.0;
				ONLY_ACTIVE_ARCH = YES;
				SDKROOT = iphoneos;
			};
			name = Debug;
		};
		4FF972D1195BA1B100FB0940 /* Release */ = {
			isa = XCBuildConfiguration;
			buildSettings = {
				ALWAYS_SEARCH_USER_PATHS = NO;
				ARCHS = "$(ARCHS_STANDARD_INCLUDING_64_BIT)";
				CLANG_CXX_LANGUAGE_STANDARD = "gnu++0x";
				CLANG_CXX_LIBRARY = "libc++";
				CLANG_ENABLE_MODULES = YES;
				CLANG_ENABLE_OBJC_ARC = NO;
				CLANG_WARN_BOOL_CONVERSION = YES;
				CLANG_WARN_CONSTANT_CONVERSION = YES;
				CLANG_WARN_DIRECT_OBJC_ISA_USAGE = YES_ERROR;
				CLANG_WARN_EMPTY_BODY = YES;
				CLANG_WARN_ENUM_CONVERSION = YES;
				CLANG_WARN_INT_CONVERSION = YES;
				CLANG_WARN_OBJC_ROOT_CLASS = YES_ERROR;
				CLANG_WARN__DUPLICATE_METHOD_MATCH = YES;
				"CODE_SIGN_IDENTITY[sdk=iphoneos*]" = "iPhone Developer";
				COPY_PHASE_STRIP = YES;
				ENABLE_NS_ASSERTIONS = NO;
				GCC_C_LANGUAGE_STANDARD = gnu99;
				GCC_WARN_64_TO_32_BIT_CONVERSION = YES;
				GCC_WARN_ABOUT_RETURN_TYPE = YES_ERROR;
				GCC_WARN_UNDECLARED_SELECTOR = YES;
				GCC_WARN_UNINITIALIZED_AUTOS = YES;
				GCC_WARN_UNUSED_FUNCTION = YES;
				GCC_WARN_UNUSED_VARIABLE = YES;
				IPHONEOS_DEPLOYMENT_TARGET = 7.0;
				SDKROOT = iphoneos;
				VALIDATE_PRODUCT = YES;
			};
			name = Release;
		};
		4FF972D3195BA1B100FB0940 /* Debug */ = {
			isa = XCBuildConfiguration;
			buildSettings = {
				ASSETCATALOG_COMPILER_APPICON_NAME = AppIcon;
				ASSETCATALOG_COMPILER_LAUNCHIMAGE_NAME = LaunchImage;
				CLANG_ENABLE_OBJC_ARC = NO;
				GCC_PRECOMPILE_PREFIX_HEADER = YES;
				GCC_PREFIX_HEADER = "DZHDrawable/DZHDrawable-Prefix.pch";
				INFOPLIST_FILE = "DZHDrawable/DZHDrawable-Info.plist";
				PRODUCT_NAME = "$(TARGET_NAME)";
				WRAPPER_EXTENSION = app;
			};
			name = Debug;
		};
		4FF972D4195BA1B100FB0940 /* Release */ = {
			isa = XCBuildConfiguration;
			buildSettings = {
				ASSETCATALOG_COMPILER_APPICON_NAME = AppIcon;
				ASSETCATALOG_COMPILER_LAUNCHIMAGE_NAME = LaunchImage;
				CLANG_ENABLE_OBJC_ARC = NO;
				GCC_PRECOMPILE_PREFIX_HEADER = YES;
				GCC_PREFIX_HEADER = "DZHDrawable/DZHDrawable-Prefix.pch";
				INFOPLIST_FILE = "DZHDrawable/DZHDrawable-Info.plist";
				PRODUCT_NAME = "$(TARGET_NAME)";
				WRAPPER_EXTENSION = app;
			};
			name = Release;
		};
		4FF972D6195BA1B100FB0940 /* Debug */ = {
			isa = XCBuildConfiguration;
			buildSettings = {
				ARCHS = "$(ARCHS_STANDARD_INCLUDING_64_BIT)";
				BUNDLE_LOADER = "$(BUILT_PRODUCTS_DIR)/DZHDrawable.app/DZHDrawable";
				FRAMEWORK_SEARCH_PATHS = (
					"$(SDKROOT)/Developer/Library/Frameworks",
					"$(inherited)",
					"$(DEVELOPER_FRAMEWORKS_DIR)",
				);
				GCC_PRECOMPILE_PREFIX_HEADER = YES;
				GCC_PREFIX_HEADER = "DZHDrawable/DZHDrawable-Prefix.pch";
				GCC_PREPROCESSOR_DEFINITIONS = (
					"DEBUG=1",
					"$(inherited)",
				);
				INFOPLIST_FILE = "DZHDrawableTests/DZHDrawableTests-Info.plist";
				PRODUCT_NAME = "$(TARGET_NAME)";
				TEST_HOST = "$(BUNDLE_LOADER)";
				WRAPPER_EXTENSION = xctest;
			};
			name = Debug;
		};
		4FF972D7195BA1B100FB0940 /* Release */ = {
			isa = XCBuildConfiguration;
			buildSettings = {
				ARCHS = "$(ARCHS_STANDARD_INCLUDING_64_BIT)";
				BUNDLE_LOADER = "$(BUILT_PRODUCTS_DIR)/DZHDrawable.app/DZHDrawable";
				FRAMEWORK_SEARCH_PATHS = (
					"$(SDKROOT)/Developer/Library/Frameworks",
					"$(inherited)",
					"$(DEVELOPER_FRAMEWORKS_DIR)",
				);
				GCC_PRECOMPILE_PREFIX_HEADER = YES;
				GCC_PREFIX_HEADER = "DZHDrawable/DZHDrawable-Prefix.pch";
				INFOPLIST_FILE = "DZHDrawableTests/DZHDrawableTests-Info.plist";
				PRODUCT_NAME = "$(TARGET_NAME)";
				TEST_HOST = "$(BUNDLE_LOADER)";
				WRAPPER_EXTENSION = xctest;
			};
			name = Release;
		};
/* End XCBuildConfiguration section */

/* Begin XCConfigurationList section */
		4FF9729B195BA1B100FB0940 /* Build configuration list for PBXProject "DZHDrawable" */ = {
			isa = XCConfigurationList;
			buildConfigurations = (
				4FF972D0195BA1B100FB0940 /* Debug */,
				4FF972D1195BA1B100FB0940 /* Release */,
			);
			defaultConfigurationIsVisible = 0;
			defaultConfigurationName = Release;
		};
		4FF972D2195BA1B100FB0940 /* Build configuration list for PBXNativeTarget "DZHDrawable" */ = {
			isa = XCConfigurationList;
			buildConfigurations = (
				4FF972D3195BA1B100FB0940 /* Debug */,
				4FF972D4195BA1B100FB0940 /* Release */,
			);
			defaultConfigurationIsVisible = 0;
			defaultConfigurationName = Release;
		};
		4FF972D5195BA1B100FB0940 /* Build configuration list for PBXNativeTarget "DZHDrawableTests" */ = {
			isa = XCConfigurationList;
			buildConfigurations = (
				4FF972D6195BA1B100FB0940 /* Debug */,
				4FF972D7195BA1B100FB0940 /* Release */,
			);
			defaultConfigurationIsVisible = 0;
			defaultConfigurationName = Release;
		};
/* End XCConfigurationList section */
	};
	rootObject = 4FF97298195BA1B100FB0940 /* Project object */;
}
